// !$*UTF8*$!
{
	archiveVersion = 1;
	classes = {
	};
	objectVersion = 46;
	objects = {

/* Begin PBXBuildFile section */
		E37B723D2004B15000745D4B /* AppDelegate.swift in Sources */ = {isa = PBXBuildFile; fileRef = E37B723C2004B15000745D4B /* AppDelegate.swift */; };
		E37B723F2004B15000745D4B /* ViewController.swift in Sources */ = {isa = PBXBuildFile; fileRef = E37B723E2004B15000745D4B /* ViewController.swift */; };
		E37B72422004B15000745D4B /* Main.storyboard in Resources */ = {isa = PBXBuildFile; fileRef = E37B72402004B15000745D4B /* Main.storyboard */; };
		E37B72442004B15000745D4B /* Assets.xcassets in Resources */ = {isa = PBXBuildFile; fileRef = E37B72432004B15000745D4B /* Assets.xcassets */; };
		E37B72472004B15000745D4B /* LaunchScreen.storyboard in Resources */ = {isa = PBXBuildFile; fileRef = E37B72452004B15000745D4B /* LaunchScreen.storyboard */; };
		E37B72622004B6B000745D4B /* alaves.png in Resources */ = {isa = PBXBuildFile; fileRef = E37B724E2004B6B000745D4B /* alaves.png */; };
		E37B72632004B6B000745D4B /* athletic.png in Resources */ = {isa = PBXBuildFile; fileRef = E37B724F2004B6B000745D4B /* athletic.png */; };
		E37B72642004B6B000745D4B /* atm.png in Resources */ = {isa = PBXBuildFile; fileRef = E37B72502004B6B000745D4B /* atm.png */; };
		E37B72652004B6B000745D4B /* betis.png in Resources */ = {isa = PBXBuildFile; fileRef = E37B72512004B6B000745D4B /* betis.png */; };
		E37B72662004B6B000745D4B /* celta.png in Resources */ = {isa = PBXBuildFile; fileRef = E37B72522004B6B000745D4B /* celta.png */; };
		E37B72672004B6B000745D4B /* depor.png in Resources */ = {isa = PBXBuildFile; fileRef = E37B72532004B6B000745D4B /* depor.png */; };
		E37B72682004B6B000745D4B /* eibar.png in Resources */ = {isa = PBXBuildFile; fileRef = E37B72542004B6B000745D4B /* eibar.png */; };
		E37B72692004B6B000745D4B /* espanyol.png in Resources */ = {isa = PBXBuildFile; fileRef = E37B72552004B6B000745D4B /* espanyol.png */; };
		E37B726A2004B6B000745D4B /* fcb.png in Resources */ = {isa = PBXBuildFile; fileRef = E37B72562004B6B000745D4B /* fcb.png */; };
		E37B726B2004B6B000745D4B /* granada.png in Resources */ = {isa = PBXBuildFile; fileRef = E37B72572004B6B000745D4B /* granada.png */; };
		E37B726C2004B6B000745D4B /* laspalmas.png in Resources */ = {isa = PBXBuildFile; fileRef = E37B72582004B6B000745D4B /* laspalmas.png */; };
		E37B726D2004B6B000745D4B /* leganes.png in Resources */ = {isa = PBXBuildFile; fileRef = E37B72592004B6B000745D4B /* leganes.png */; };
		E37B726E2004B6B000745D4B /* malaga.png in Resources */ = {isa = PBXBuildFile; fileRef = E37B725A2004B6B000745D4B /* malaga.png */; };
		E37B726F2004B6B000745D4B /* osasuna.png in Resources */ = {isa = PBXBuildFile; fileRef = E37B725B2004B6B000745D4B /* osasuna.png */; };
		E37B72702004B6B000745D4B /* realmadrid.png in Resources */ = {isa = PBXBuildFile; fileRef = E37B725C2004B6B000745D4B /* realmadrid.png */; };
		E37B72712004B6B000745D4B /* realsociedad.png in Resources */ = {isa = PBXBuildFile; fileRef = E37B725D2004B6B000745D4B /* realsociedad.png */; };
		E37B72722004B6B000745D4B /* realsporting.png in Resources */ = {isa = PBXBuildFile; fileRef = E37B725E2004B6B000745D4B /* realsporting.png */; };
		E37B72732004B6B000745D4B /* sevilla.png in Resources */ = {isa = PBXBuildFile; fileRef = E37B725F2004B6B000745D4B /* sevilla.png */; };
		E37B72742004B6B000745D4B /* valencia.png in Resources */ = {isa = PBXBuildFile; fileRef = E37B72602004B6B000745D4B /* valencia.png */; };
		E37B72752004B6B000745D4B /* villarreal.png in Resources */ = {isa = PBXBuildFile; fileRef = E37B72612004B6B000745D4B /* villarreal.png */; };
		E37B727F2004C00700745D4B /* 30x30_11120623juan-carlos.jpg in Resources */ = {isa = PBXBuildFile; fileRef = E37B72772004C00700745D4B /* 30x30_11120623juan-carlos.jpg */; };
		E37B72802004C00700745D4B /* 250x250_05170820deivid.jpg in Resources */ = {isa = PBXBuildFile; fileRef = E37B72782004C00700745D4B /* 250x250_05170820deivid.jpg */; };
		E37B72812004C00700745D4B /* 250x250_11120622abel.jpg in Resources */ = {isa = PBXBuildFile; fileRef = E37B72792004C00700745D4B /* 250x250_11120622abel.jpg */; };
		E37B72822004C00700745D4B /* 250x250_11120622campabadal.jpg in Resources */ = {isa = PBXBuildFile; fileRef = E37B727A2004C00700745D4B /* 250x250_11120622campabadal.jpg */; };
		E37B72832004C00700745D4B /* 250x250_14122515alesksandar-pantic.jpg in Resources */ = {isa = PBXBuildFile; fileRef = E37B727B2004C00700745D4B /* 250x250_14122515alesksandar-pantic.jpg */; };
		E37B72842004C00700745D4B /* Aurtenetxe.jpg in Resources */ = {isa = PBXBuildFile; fileRef = E37B727C2004C00700745D4B /* Aurtenetxe.jpg */; };
		E37B72852004C00700745D4B /* Iraizoz.jpg in Resources */ = {isa = PBXBuildFile; fileRef = E37B727D2004C00700745D4B /* Iraizoz.jpg */; };
		E37B72862004C00700745D4B /* Toquero.jpg in Resources */ = {isa = PBXBuildFile; fileRef = E37B727E2004C00700745D4B /* Toquero.jpg */; };
/* End PBXBuildFile section */

/* Begin PBXFileReference section */
		E37B72392004B15000745D4B /* TablasEstaticas.app */ = {isa = PBXFileReference; explicitFileType = wrapper.application; includeInIndex = 0; path = TablasEstaticas.app; sourceTree = BUILT_PRODUCTS_DIR; };
		E37B723C2004B15000745D4B /* AppDelegate.swift */ = {isa = PBXFileReference; lastKnownFileType = sourcecode.swift; path = AppDelegate.swift; sourceTree = "<group>"; };
		E37B723E2004B15000745D4B /* ViewController.swift */ = {isa = PBXFileReference; lastKnownFileType = sourcecode.swift; path = ViewController.swift; sourceTree = "<group>"; };
		E37B72412004B15000745D4B /* Base */ = {isa = PBXFileReference; lastKnownFileType = file.storyboard; name = Base; path = Base.lproj/Main.storyboard; sourceTree = "<group>"; };
		E37B72432004B15000745D4B /* Assets.xcassets */ = {isa = PBXFileReference; lastKnownFileType = folder.assetcatalog; path = Assets.xcassets; sourceTree = "<group>"; };
		E37B72462004B15000745D4B /* Base */ = {isa = PBXFileReference; lastKnownFileType = file.storyboard; name = Base; path = Base.lproj/LaunchScreen.storyboard; sourceTree = "<group>"; };
		E37B72482004B15000745D4B /* Info.plist */ = {isa = PBXFileReference; lastKnownFileType = text.plist.xml; path = Info.plist; sourceTree = "<group>"; };
		E37B724E2004B6B000745D4B /* alaves.png */ = {isa = PBXFileReference; lastKnownFileType = image.png; path = alaves.png; sourceTree = "<group>"; };
		E37B724F2004B6B000745D4B /* athletic.png */ = {isa = PBXFileReference; lastKnownFileType = image.png; path = athletic.png; sourceTree = "<group>"; };
		E37B72502004B6B000745D4B /* atm.png */ = {isa = PBXFileReference; lastKnownFileType = image.png; path = atm.png; sourceTree = "<group>"; };
		E37B72512004B6B000745D4B /* betis.png */ = {isa = PBXFileReference; lastKnownFileType = image.png; path = betis.png; sourceTree = "<group>"; };
		E37B72522004B6B000745D4B /* celta.png */ = {isa = PBXFileReference; lastKnownFileType = image.png; path = celta.png; sourceTree = "<group>"; };
		E37B72532004B6B000745D4B /* depor.png */ = {isa = PBXFileReference; lastKnownFileType = image.png; path = depor.png; sourceTree = "<group>"; };
		E37B72542004B6B000745D4B /* eibar.png */ = {isa = PBXFileReference; lastKnownFileType = image.png; path = eibar.png; sourceTree = "<group>"; };
		E37B72552004B6B000745D4B /* espanyol.png */ = {isa = PBXFileReference; lastKnownFileType = image.png; path = espanyol.png; sourceTree = "<group>"; };
		E37B72562004B6B000745D4B /* fcb.png */ = {isa = PBXFileReference; lastKnownFileType = image.png; path = fcb.png; sourceTree = "<group>"; };
		E37B72572004B6B000745D4B /* granada.png */ = {isa = PBXFileReference; lastKnownFileType = image.png; path = granada.png; sourceTree = "<group>"; };
		E37B72582004B6B000745D4B /* laspalmas.png */ = {isa = PBXFileReference; lastKnownFileType = image.png; path = laspalmas.png; sourceTree = "<group>"; };
		E37B72592004B6B000745D4B /* leganes.png */ = {isa = PBXFileReference; lastKnownFileType = image.png; path = leganes.png; sourceTree = "<group>"; };
		E37B725A2004B6B000745D4B /* malaga.png */ = {isa = PBXFileReference; lastKnownFileType = image.png; path = malaga.png; sourceTree = "<group>"; };
		E37B725B2004B6B000745D4B /* osasuna.png */ = {isa = PBXFileReference; lastKnownFileType = image.png; path = osasuna.png; sourceTree = "<group>"; };
		E37B725C2004B6B000745D4B /* realmadrid.png */ = {isa = PBXFileReference; lastKnownFileType = image.png; path = realmadrid.png; sourceTree = "<group>"; };
		E37B725D2004B6B000745D4B /* realsociedad.png */ = {isa = PBXFileReference; lastKnownFileType = image.png; path = realsociedad.png; sourceTree = "<group>"; };
		E37B725E2004B6B000745D4B /* realsporting.png */ = {isa = PBXFileReference; lastKnownFileType = image.png; path = realsporting.png; sourceTree = "<group>"; };
		E37B725F2004B6B000745D4B /* sevilla.png */ = {isa = PBXFileReference; lastKnownFileType = image.png; path = sevilla.png; sourceTree = "<group>"; };
		E37B72602004B6B000745D4B /* valencia.png */ = {isa = PBXFileReference; lastKnownFileType = image.png; path = valencia.png; sourceTree = "<group>"; };
		E37B72612004B6B000745D4B /* villarreal.png */ = {isa = PBXFileReference; lastKnownFileType = image.png; path = villarreal.png; sourceTree = "<group>"; };
		E37B72772004C00700745D4B /* 30x30_11120623juan-carlos.jpg */ = {isa = PBXFileReference; lastKnownFileType = image.jpeg; path = "30x30_11120623juan-carlos.jpg"; sourceTree = "<group>"; };
		E37B72782004C00700745D4B /* 250x250_05170820deivid.jpg */ = {isa = PBXFileReference; lastKnownFileType = image.jpeg; path = 250x250_05170820deivid.jpg; sourceTree = "<group>"; };
		E37B72792004C00700745D4B /* 250x250_11120622abel.jpg */ = {isa = PBXFileReference; lastKnownFileType = image.jpeg; path = 250x250_11120622abel.jpg; sourceTree = "<group>"; };
		E37B727A2004C00700745D4B /* 250x250_11120622campabadal.jpg */ = {isa = PBXFileReference; lastKnownFileType = image.jpeg; path = 250x250_11120622campabadal.jpg; sourceTree = "<group>"; };
		E37B727B2004C00700745D4B /* 250x250_14122515alesksandar-pantic.jpg */ = {isa = PBXFileReference; lastKnownFileType = image.jpeg; path = "250x250_14122515alesksandar-pantic.jpg"; sourceTree = "<group>"; };
		E37B727C2004C00700745D4B /* Aurtenetxe.jpg */ = {isa = PBXFileReference; lastKnownFileType = image.jpeg; path = Aurtenetxe.jpg; sourceTree = "<group>"; };
		E37B727D2004C00700745D4B /* Iraizoz.jpg */ = {isa = PBXFileReference; lastKnownFileType = image.jpeg; path = Iraizoz.jpg; sourceTree = "<group>"; };
		E37B727E2004C00700745D4B /* Toquero.jpg */ = {isa = PBXFileReference; lastKnownFileType = image.jpeg; path = Toquero.jpg; sourceTree = "<group>"; };
/* End PBXFileReference section */

/* Begin PBXFrameworksBuildPhase section */
		E37B72362004B15000745D4B /* Frameworks */ = {
			isa = PBXFrameworksBuildPhase;
			buildActionMask = 2147483647;
			files = (
			);
			runOnlyForDeploymentPostprocessing = 0;
		};
/* End PBXFrameworksBuildPhase section */

/* Begin PBXGroup section */
		E37B72302004B15000745D4B = {
			isa = PBXGroup;
			children = (
				E37B723B2004B15000745D4B /* TablasEstaticas */,
				E37B723A2004B15000745D4B /* Products */,
			);
			sourceTree = "<group>";
		};
		E37B723A2004B15000745D4B /* Products */ = {
			isa = PBXGroup;
			children = (
				E37B72392004B15000745D4B /* TablasEstaticas.app */,
			);
			name = Products;
			sourceTree = "<group>";
		};
		E37B723B2004B15000745D4B /* TablasEstaticas */ = {
			isa = PBXGroup;
			children = (
				E37B72872004C01000745D4B /* Jugadores */,
				E37B72762004B6BA00745D4B /* Escudos */,
				E37B723C2004B15000745D4B /* AppDelegate.swift */,
				E37B723E2004B15000745D4B /* ViewController.swift */,
				E37B72402004B15000745D4B /* Main.storyboard */,
				E37B72432004B15000745D4B /* Assets.xcassets */,
				E37B72452004B15000745D4B /* LaunchScreen.storyboard */,
				E37B72482004B15000745D4B /* Info.plist */,
			);
			path = TablasEstaticas;
			sourceTree = "<group>";
		};
		E37B72762004B6BA00745D4B /* Escudos */ = {
			isa = PBXGroup;
			children = (
				E37B724E2004B6B000745D4B /* alaves.png */,
				E37B724F2004B6B000745D4B /* athletic.png */,
				E37B72502004B6B000745D4B /* atm.png */,
				E37B72512004B6B000745D4B /* betis.png */,
				E37B72522004B6B000745D4B /* celta.png */,
				E37B72532004B6B000745D4B /* depor.png */,
				E37B72542004B6B000745D4B /* eibar.png */,
				E37B72552004B6B000745D4B /* espanyol.png */,
				E37B72562004B6B000745D4B /* fcb.png */,
				E37B72572004B6B000745D4B /* granada.png */,
				E37B72582004B6B000745D4B /* laspalmas.png */,
				E37B72592004B6B000745D4B /* leganes.png */,
				E37B725A2004B6B000745D4B /* malaga.png */,
				E37B725B2004B6B000745D4B /* osasuna.png */,
				E37B725C2004B6B000745D4B /* realmadrid.png */,
				E37B725D2004B6B000745D4B /* realsociedad.png */,
				E37B725E2004B6B000745D4B /* realsporting.png */,
				E37B725F2004B6B000745D4B /* sevilla.png */,
				E37B72602004B6B000745D4B /* valencia.png */,
				E37B72612004B6B000745D4B /* villarreal.png */,
			);
			name = Escudos;
			sourceTree = "<group>";
		};
		E37B72872004C01000745D4B /* Jugadores */ = {
			isa = PBXGroup;
			children = (
				E37B72772004C00700745D4B /* 30x30_11120623juan-carlos.jpg */,
				E37B72782004C00700745D4B /* 250x250_05170820deivid.jpg */,
				E37B72792004C00700745D4B /* 250x250_11120622abel.jpg */,
				E37B727A2004C00700745D4B /* 250x250_11120622campabadal.jpg */,
				E37B727B2004C00700745D4B /* 250x250_14122515alesksandar-pantic.jpg */,
				E37B727C2004C00700745D4B /* Aurtenetxe.jpg */,
				E37B727D2004C00700745D4B /* Iraizoz.jpg */,
				E37B727E2004C00700745D4B /* Toquero.jpg */,
			);
			name = Jugadores;
			sourceTree = "<group>";
		};
/* End PBXGroup section */

/* Begin PBXNativeTarget section */
		E37B72382004B15000745D4B /* TablasEstaticas */ = {
			isa = PBXNativeTarget;
			buildConfigurationList = E37B724B2004B15000745D4B /* Build configuration list for PBXNativeTarget "TablasEstaticas" */;
			buildPhases = (
				E37B72352004B15000745D4B /* Sources */,
				E37B72362004B15000745D4B /* Frameworks */,
				E37B72372004B15000745D4B /* Resources */,
			);
			buildRules = (
			);
			dependencies = (
			);
			name = TablasEstaticas;
			productName = TablasEstaticas;
			productReference = E37B72392004B15000745D4B /* TablasEstaticas.app */;
			productType = "com.apple.product-type.application";
		};
/* End PBXNativeTarget section */

/* Begin PBXProject section */
		E37B72312004B15000745D4B /* Project object */ = {
			isa = PBXProject;
			attributes = {
				LastSwiftUpdateCheck = 0800;
				LastUpgradeCheck = 0800;
				ORGANIZATIONNAME = CETYS;
				TargetAttributes = {
					E37B72382004B15000745D4B = {
						CreatedOnToolsVersion = 8.0;
						ProvisioningStyle = Automatic;
					};
				};
			};
			buildConfigurationList = E37B72342004B15000745D4B /* Build configuration list for PBXProject "TablasEstaticas" */;
			compatibilityVersion = "Xcode 3.2";
			developmentRegion = English;
			hasScannedForEncodings = 0;
			knownRegions = (
				en,
				Base,
			);
			mainGroup = E37B72302004B15000745D4B;
			productRefGroup = E37B723A2004B15000745D4B /* Products */;
			projectDirPath = "";
			projectRoot = "";
			targets = (
				E37B72382004B15000745D4B /* TablasEstaticas */,
			);
		};
/* End PBXProject section */

/* Begin PBXResourcesBuildPhase section */
		E37B72372004B15000745D4B /* Resources */ = {
			isa = PBXResourcesBuildPhase;
			buildActionMask = 2147483647;
			files = (
				E37B72802004C00700745D4B /* 250x250_05170820deivid.jpg in Resources */,
				E37B727F2004C00700745D4B /* 30x30_11120623juan-carlos.jpg in Resources */,
				E37B726E2004B6B000745D4B /* malaga.png in Resources */,
				E37B726C2004B6B000745D4B /* laspalmas.png in Resources */,
				E37B72642004B6B000745D4B /* atm.png in Resources */,
				E37B726B2004B6B000745D4B /* granada.png in Resources */,
				E37B72682004B6B000745D4B /* eibar.png in Resources */,
				E37B72812004C00700745D4B /* 250x250_11120622abel.jpg in Resources */,
				E37B72822004C00700745D4B /* 250x250_11120622campabadal.jpg in Resources */,
				E37B72722004B6B000745D4B /* realsporting.png in Resources */,
				E37B72712004B6B000745D4B /* realsociedad.png in Resources */,
				E37B72732004B6B000745D4B /* sevilla.png in Resources */,
				E37B72472004B15000745D4B /* LaunchScreen.storyboard in Resources */,
				E37B72622004B6B000745D4B /* alaves.png in Resources */,
				E37B72652004B6B000745D4B /* betis.png in Resources */,
				E37B72702004B6B000745D4B /* realmadrid.png in Resources */,
				E37B72692004B6B000745D4B /* espanyol.png in Resources */,
				E37B72632004B6B000745D4B /* athletic.png in Resources */,
				E37B72742004B6B000745D4B /* valencia.png in Resources */,
				E37B726D2004B6B000745D4B /* leganes.png in Resources */,
				E37B72662004B6B000745D4B /* celta.png in Resources */,
				E37B72442004B15000745D4B /* Assets.xcassets in Resources */,
				E37B726A2004B6B000745D4B /* fcb.png in Resources */,
				E37B72672004B6B000745D4B /* depor.png in Resources */,
				E37B72842004C00700745D4B /* Aurtenetxe.jpg in Resources */,
				E37B72832004C00700745D4B /* 250x250_14122515alesksandar-pantic.jpg in Resources */,
				E37B726F2004B6B000745D4B /* osasuna.png in Resources */,
				E37B72862004C00700745D4B /* Toquero.jpg in Resources */,
				E37B72752004B6B000745D4B /* villarreal.png in Resources */,
				E37B72852004C00700745D4B /* Iraizoz.jpg in Resources */,
				E37B72422004B15000745D4B /* Main.storyboard in Resources */,
			);
			runOnlyForDeploymentPostprocessing = 0;
		};
/* End PBXResourcesBuildPhase section */

/* Begin PBXSourcesBuildPhase section */
		E37B72352004B15000745D4B /* Sources */ = {
			isa = PBXSourcesBuildPhase;
			buildActionMask = 2147483647;
			files = (
				E37B723F2004B15000745D4B /* ViewController.swift in Sources */,
				E37B723D2004B15000745D4B /* AppDelegate.swift in Sources */,
			);
			runOnlyForDeploymentPostprocessing = 0;
		};
/* End PBXSourcesBuildPhase section */

/* Begin PBXVariantGroup section */
		E37B72402004B15000745D4B /* Main.storyboard */ = {
			isa = PBXVariantGroup;
			children = (
				E37B72412004B15000745D4B /* Base */,
			);
			name = Main.storyboard;
			sourceTree = "<group>";
		};
		E37B72452004B15000745D4B /* LaunchScreen.storyboard */ = {
			isa = PBXVariantGroup;
			children = (
				E37B72462004B15000745D4B /* Base */,
			);
			name = LaunchScreen.storyboard;
			sourceTree = "<group>";
		};
/* End PBXVariantGroup section */

/* Begin XCBuildConfiguration section */
		E37B72492004B15000745D4B /* Debug */ = {
			isa = XCBuildConfiguration;
			buildSettings = {
				ALWAYS_SEARCH_USER_PATHS = NO;
				CLANG_ANALYZER_NONNULL = YES;
				CLANG_CXX_LANGUAGE_STANDARD = "gnu++0x";
				CLANG_CXX_LIBRARY = "libc++";
				CLANG_ENABLE_MODULES = YES;
				CLANG_ENABLE_OBJC_ARC = YES;
				CLANG_WARN_BOOL_CONVERSION = YES;
				CLANG_WARN_CONSTANT_CONVERSION = YES;
				CLANG_WARN_DIRECT_OBJC_ISA_USAGE = YES_ERROR;
				CLANG_WARN_DOCUMENTATION_COMMENTS = YES;
				CLANG_WARN_EMPTY_BODY = YES;
				CLANG_WARN_ENUM_CONVERSION = YES;
				CLANG_WARN_INFINITE_RECURSION = YES;
				CLANG_WARN_INT_CONVERSION = YES;
				CLANG_WARN_OBJC_ROOT_CLASS = YES_ERROR;
				CLANG_WARN_SUSPICIOUS_MOVES = YES;
				CLANG_WARN_UNREACHABLE_CODE = YES;
				CLANG_WARN__DUPLICATE_METHOD_MATCH = YES;
				"CODE_SIGN_IDENTITY[sdk=iphoneos*]" = "iPhone Developer";
				COPY_PHASE_STRIP = NO;
				DEBUG_INFORMATION_FORMAT = dwarf;
				ENABLE_STRICT_OBJC_MSGSEND = YES;
				ENABLE_TESTABILITY = YES;
				GCC_C_LANGUAGE_STANDARD = gnu99;
				GCC_DYNAMIC_NO_PIC = NO;
				GCC_NO_COMMON_BLOCKS = YES;
				GCC_OPTIMIZATION_LEVEL = 0;
				GCC_PREPROCESSOR_DEFINITIONS = (
					"DEBUG=1",
					"$(inherited)",
				);
				GCC_WARN_64_TO_32_BIT_CONVERSION = YES;
				GCC_WARN_ABOUT_RETURN_TYPE = YES_ERROR;
				GCC_WARN_UNDECLARED_SELECTOR = YES;
				GCC_WARN_UNINITIALIZED_AUTOS = YES_AGGRESSIVE;
				GCC_WARN_UNUSED_FUNCTION = YES;
				GCC_WARN_UNUSED_VARIABLE = YES;
				IPHONEOS_DEPLOYMENT_TARGET = 10.0;
				MTL_ENABLE_DEBUG_INFO = YES;
				ONLY_ACTIVE_ARCH = YES;
				SDKROOT = iphoneos;
				SWIFT_ACTIVE_COMPILATION_CONDITIONS = DEBUG;
				SWIFT_OPTIMIZATION_LEVEL = "-Onone";
				TARGETED_DEVICE_FAMILY = "1,2";
			};
			name = Debug;
		};
		E37B724A2004B15000745D4B /* Release */ = {
			isa = XCBuildConfiguration;
			buildSettings = {
				ALWAYS_SEARCH_USER_PATHS = NO;
				CLANG_ANALYZER_NONNULL = YES;
				CLANG_CXX_LANGUAGE_STANDARD = "gnu++0x";
				CLANG_CXX_LIBRARY = "libc++";
				CLANG_ENABLE_MODULES = YES;
				CLANG_ENABLE_OBJC_ARC = YES;
				CLANG_WARN_BOOL_CONVERSION = YES;
				CLANG_WARN_CONSTANT_CONVERSION = YES;
				CLANG_WARN_DIRECT_OBJC_ISA_USAGE = YES_ERROR;
				CLANG_WARN_DOCUMENTATION_COMMENTS = YES;
				CLANG_WARN_EMPTY_BODY = YES;
				CLANG_WARN_ENUM_CONVERSION = YES;
				CLANG_WARN_INFINITE_RECURSION = YES;
				CLANG_WARN_INT_CONVERSION = YES;
				CLANG_WARN_OBJC_ROOT_CLASS = YES_ERROR;
				CLANG_WARN_SUSPICIOUS_MOVES = YES;
				CLANG_WARN_UNREACHABLE_CODE = YES;
				CLANG_WARN__DUPLICATE_METHOD_MATCH = YES;
				"CODE_SIGN_IDENTITY[sdk=iphoneos*]" = "iPhone Developer";
				COPY_PHASE_STRIP = NO;
				DEBUG_INFORMATION_FORMAT = "dwarf-with-dsym";
				ENABLE_NS_ASSERTIONS = NO;
				ENABLE_STRICT_OBJC_MSGSEND = YES;
				GCC_C_LANGUAGE_STANDARD = gnu99;
				GCC_NO_COMMON_BLOCKS = YES;
				GCC_WARN_64_TO_32_BIT_CONVERSION = YES;
				GCC_WARN_ABOUT_RETURN_TYPE = YES_ERROR;
				GCC_WARN_UNDECLARED_SELECTOR = YES;
				GCC_WARN_UNINITIALIZED_AUTOS = YES_AGGRESSIVE;
				GCC_WARN_UNUSED_FUNCTION = YES;
				GCC_WARN_UNUSED_VARIABLE = YES;
				IPHONEOS_DEPLOYMENT_TARGET = 10.0;
				MTL_ENABLE_DEBUG_INFO = NO;
				SDKROOT = iphoneos;
				SWIFT_OPTIMIZATION_LEVEL = "-Owholemodule";
				TARGETED_DEVICE_FAMILY = "1,2";
				VALIDATE_PRODUCT = YES;
			};
			name = Release;
		};
		E37B724C2004B15000745D4B /* Debug */ = {
			isa = XCBuildConfiguration;
			buildSettings = {
				ASSETCATALOG_COMPILER_APPICON_NAME = AppIcon;
				INFOPLIST_FILE = TablasEstaticas/Info.plist;
				LD_RUNPATH_SEARCH_PATHS = "$(inherited) @executable_path/Frameworks";
				PRODUCT_BUNDLE_IDENTIFIER = Ignuk.TablasEstaticas;
				PRODUCT_NAME = "$(TARGET_NAME)";
				SWIFT_VERSION = 3.0;
			};
			name = Debug;
		};
		E37B724D2004B15000745D4B /* Release */ = {
			isa = XCBuildConfiguration;
			buildSettings = {
				ASSETCATALOG_COMPILER_APPICON_NAME = AppIcon;
				INFOPLIST_FILE = TablasEstaticas/Info.plist;
				LD_RUNPATH_SEARCH_PATHS = "$(inherited) @executable_path/Frameworks";
				PRODUCT_BUNDLE_IDENTIFIER = Ignuk.TablasEstaticas;
				PRODUCT_NAME = "$(TARGET_NAME)";
				SWIFT_VERSION = 3.0;
			};
			name = Release;
		};
/* End XCBuildConfiguration section */

/* Begin XCConfigurationList section */
		E37B72342004B15000745D4B /* Build configuration list for PBXProject "TablasEstaticas" */ = {
			isa = XCConfigurationList;
			buildConfigurations = (
				E37B72492004B15000745D4B /* Debug */,
				E37B724A2004B15000745D4B /* Release */,
			);
			defaultConfigurationIsVisible = 0;
			defaultConfigurationName = Release;
		};
		E37B724B2004B15000745D4B /* Build configuration list for PBXNativeTarget "TablasEstaticas" */ = {
			isa = XCConfigurationList;
			buildConfigurations = (
				E37B724C2004B15000745D4B /* Debug */,
				E37B724D2004B15000745D4B /* Release */,
			);
			defaultConfigurationIsVisible = 0;
		};
/* End XCConfigurationList section */
	};
	rootObject = E37B72312004B15000745D4B /* Project object */;
}
